
Microsoft Visual Studio Solution File, Format Version 12.00
# Visual Studio 2012
Project("{FAE04EC0-301F-11D3-BF4B-00C04F79EFBC}") = "PowerSet", "PowerSet\PowerSet.csproj", "{A14C4608-F35A-415C-94A4-1D8ACD02F533}"
EndProject
Global
	GlobalSection(SolutionConfigurationPlatforms) = preSolution
		Debug|Any CPU = Debug|Any CPU
		Release|Any CPU = Release|Any CPU
	EndGlobalSection
	GlobalSection(ProjectConfigurationPlatforms) = postSolution
		{A14C4608-F35A-415C-94A4-1D8ACD02F533}.Debug|Any CPU.ActiveCfg = Debug|Any CPU
		{A14C4608-F35A-415C-94A4-1D8ACD02F533}.Debug|Any CPU.Build.0 = Debug|Any CPU
		{A14C4608-F35A-415C-94A4-1D8ACD02F533}.Release|Any CPU.ActiveCfg = Release|Any CPU
		{A14C4608-F35A-415C-94A4-1D8ACD02F533}.Release|Any CPU.Build.0 = Release|Any CPU
	EndGlobalSection
	GlobalSection(SolutionProperties) = preSolution
		HideSolutionNode = FALSE
	EndGlobalSection
EndGlobal
